{
    "_meta": {
        "hash": {
            "sha256": "f302f79430ff76fb107c2c795445b24ddcad4553e74a18d66d5d4d3691871e3a"
        },
        "pipfile-spec": 6,
        "requires": {
            "python_version": "3.9"
        },
        "sources": [
            {
                "name": "pypi",
                "url": "https://pypi.org/simple",
                "verify_ssl": true
            }
        ]
    },
    "default": {
        "networkx": {
            "hashes": [
                "sha256:4f33f68cb2afcf86f28a45f43efc27a9386b535d567d2127f8f61d51dec58d36",
                "sha256:de346335408f84de0eada6ff9fafafff9bcda11f0a0dfaa931133debb146ab61"
            ],
            "index": "pypi",
            "version": "==3.1"
        }
    },
    "develop": {}
}
